# This file was autogenerated by Stack.
# You should not edit this file by hand.
# For more information, please see the documentation at:
#   https://docs.haskellstack.org/en/stable/lock_files

packages:
- completed:
    hackage: scotty-tls-0.4.1@sha256:3eea55183b06e48f3c8407131ebd79d70515a2bd1825d5334f76eeace95f8f69,1000
    pantry-tree:
      size: 368
      sha256: 2bbffe0e99ff20397aa51bfc4f26be862228475d0c37c67e3c9d2cc66ecc291b
  original:
    hackage: scotty-tls-0.4.1
- completed:
    hackage: string-convert-4.0.0.1@sha256:601a753c3761a4e41bf5944236a811ea133e5abef3502ecc49e2ee2e8834acbd,1271
    pantry-tree:
      size: 272
      sha256: 0129a62702eed8ca29da70f1714f140f3ea7cf0e59579bd92993da8c27199ecb
  original:
    hackage: string-convert-4.0.0.1
snapshots:
- completed:
    size: 523443
    url: https://raw.githubusercontent.com/commercialhaskell/stackage-snapshots/master/lts/14/0.yaml
    sha256: 283773e7120f5446d961eab35ea95c9af9c24187cc178537bd29273200a05171
  original: lts-14.0
